{
  "name": "bad-language-model",
  "version": "0.0.1",
  "lockfileVersion": 3,
  "requires": true,
  "packages": {
    "": {
      "name": "bad-language-model",
      "version": "0.0.1",
      "license": "ISC",
      "dependencies": {
        "isolated-vm": "^6.1.2"
      }
    },
    "node_modules/isolated-vm": {
      "version": "6.1.2",
      "resolved": "https://registry.npmjs.org/isolated-vm/-/isolated-vm-6.1.2.tgz",
      "integrity": "sha512-GGfsHqtlZiiurZaxB/3kY7LLAXR3sgzDul0fom4cSyBjx6ZbjpTrFWiH3z/nUfLJGJ8PIq9LQmQFiAxu24+I7A==",
      "hasInstallScript": true,
      "license": "ISC",
      "dependencies": {
        "node-gyp-build": "^4.8.4"
      },
      "engines": {
        "node": ">=22.0.0"
      }
    },
    "node_modules/node-gyp-build": {
      "version": "4.8.4",
      "resolved": "https://registry.npmjs.org/node-gyp-build/-/node-gyp-build-4.8.4.tgz",
      "integrity": "sha512-LA4ZjwlnUblHVgq0oBF3Jl/6h/Nvs5fzBLwdEF4nuxnFdsfajde4WfxtJr3CaiH+F6ewcIB/q4jQ4UzPyid+CQ==",
      "license": "MIT",
      "bin": {
        "node-gyp-build": "bin.js",
        "node-gyp-build-optional": "optional.js",
        "node-gyp-build-test": "build-test.js"
      }
    }
  }
}
